
Microsoft Visual Studio Solution File, Format Version 12.00
# Visual Studio Version 16
VisualStudioVersion = 16.0.29306.81
MinimumVisualStudioVersion = 10.0.40219.1
Project("{9A19103F-16F7-4668-BE54-9A1E7A4F7556}") = "F1.Data", "F1.Data\F1.Data.csproj", "{7D503BFF-A074-4A61-9CB7-DDFE1270F9E3}"
EndProject
Project("{9A19103F-16F7-4668-BE54-9A1E7A4F7556}") = "F1Web", "F1.Web\F1Web.csproj", "{A36DF480-BB8F-4E57-9CC0-71C7B67FBBAE}"
EndProject
Global
	GlobalSection(SolutionConfigurationPlatforms) = preSolution
		Debug|Any CPU = Debug|Any CPU
		Release|Any CPU = Release|Any CPU
	EndGlobalSection
	GlobalSection(ProjectConfigurationPlatforms) = postSolution
		{7D503BFF-A074-4A61-9CB7-DDFE1270F9E3}.Debug|Any CPU.ActiveCfg = Debug|Any CPU
		{7D503BFF-A074-4A61-9CB7-DDFE1270F9E3}.Debug|Any CPU.Build.0 = Debug|Any CPU
		{7D503BFF-A074-4A61-9CB7-DDFE1270F9E3}.Release|Any CPU.ActiveCfg = Release|Any CPU
		{7D503BFF-A074-4A61-9CB7-DDFE1270F9E3}.Release|Any CPU.Build.0 = Release|Any CPU
		{A36DF480-BB8F-4E57-9CC0-71C7B67FBBAE}.Debug|Any CPU.ActiveCfg = Debug|Any CPU
		{A36DF480-BB8F-4E57-9CC0-71C7B67FBBAE}.Debug|Any CPU.Build.0 = Debug|Any CPU
		{A36DF480-BB8F-4E57-9CC0-71C7B67FBBAE}.Release|Any CPU.ActiveCfg = Release|Any CPU
		{A36DF480-BB8F-4E57-9CC0-71C7B67FBBAE}.Release|Any CPU.Build.0 = Release|Any CPU
	EndGlobalSection
	GlobalSection(SolutionProperties) = preSolution
		HideSolutionNode = FALSE
	EndGlobalSection
	GlobalSection(ExtensibilityGlobals) = postSolution
		SolutionGuid = {9D645343-2D8B-42DC-B51A-50DEB90B9AE6}
	EndGlobalSection
EndGlobal
